
Microsoft Visual Studio Solution File, Format Version 12.00
# Visual Studio Version 17
VisualStudioVersion = 17.6.33829.357
MinimumVisualStudioVersion = 10.0.40219.1
Project("{FAE04EC0-301F-11D3-BF4B-00C04F79EFBC}") = "ReadAIN", "AINValRead\ReadAIN.csproj", "{45591AF0-E611-490A-B1A6-F09C6C975667}"
EndProject
Global
	GlobalSection(SolutionConfigurationPlatforms) = preSolution
		Debug|Any CPU = Debug|Any CPU
		Release|Any CPU = Release|Any CPU
	EndGlobalSection
	GlobalSection(ProjectConfigurationPlatforms) = postSolution
		{45591AF0-E611-490A-B1A6-F09C6C975667}.Debug|Any CPU.ActiveCfg = Debug|Any CPU
		{45591AF0-E611-490A-B1A6-F09C6C975667}.Debug|Any CPU.Build.0 = Debug|Any CPU
		{45591AF0-E611-490A-B1A6-F09C6C975667}.Release|Any CPU.ActiveCfg = Release|Any CPU
		{45591AF0-E611-490A-B1A6-F09C6C975667}.Release|Any CPU.Build.0 = Release|Any CPU
	EndGlobalSection
	GlobalSection(SolutionProperties) = preSolution
		HideSolutionNode = FALSE
	EndGlobalSection
	GlobalSection(ExtensibilityGlobals) = postSolution
		SolutionGuid = {2AC0846C-C849-4F3C-9B93-0EB83BB02A9F}
	EndGlobalSection
EndGlobal
